
Microsoft Visual Studio Solution File, Format Version 12.00
# Visual Studio 14
VisualStudioVersion = 14.0.25123.0
MinimumVisualStudioVersion = 10.0.40219.1
Project("{F184B08F-C81C-45F6-A57F-5ABD9991F28F}") = "save and retrive", "save and retrive\save and retrive.vbproj", "{90A149F0-9318-4BD3-B9A6-C2FF06A90A89}"
EndProject
Global
	GlobalSection(SolutionConfigurationPlatforms) = preSolution
		Debug|Any CPU = Debug|Any CPU
		Release|Any CPU = Release|Any CPU
	EndGlobalSection
	GlobalSection(ProjectConfigurationPlatforms) = postSolution
		{90A149F0-9318-4BD3-B9A6-C2FF06A90A89}.Debug|Any CPU.ActiveCfg = Debug|Any CPU
		{90A149F0-9318-4BD3-B9A6-C2FF06A90A89}.Debug|Any CPU.Build.0 = Debug|Any CPU
		{90A149F0-9318-4BD3-B9A6-C2FF06A90A89}.Release|Any CPU.ActiveCfg = Release|Any CPU
		{90A149F0-9318-4BD3-B9A6-C2FF06A90A89}.Release|Any CPU.Build.0 = Release|Any CPU
	EndGlobalSection
	GlobalSection(SolutionProperties) = preSolution
		HideSolutionNode = FALSE
	EndGlobalSection
EndGlobal
